Microsoft Visual Studio Solution File, Format Version 12.00
# Visual Studio 2012
Project("{FAE04EC0-301F-11D3-BF4B-00C04F79EFBC}") = "Pong_tut", "Pong_tut.csproj", "{0D654FB5-867A-49A2-AEAB-DA3E4A36C891}"
EndProject
Global
	GlobalSection(SolutionConfigurationPlatforms) = preSolution
	Debug|Any CPU = Debug|Any CPU
	ExportDebug|Any CPU = ExportDebug|Any CPU
	ExportRelease|Any CPU = ExportRelease|Any CPU
	EndGlobalSection
	GlobalSection(ProjectConfigurationPlatforms) = postSolution
		{0D654FB5-867A-49A2-AEAB-DA3E4A36C891}.Debug|Any CPU.ActiveCfg = Debug|Any CPU
		{0D654FB5-867A-49A2-AEAB-DA3E4A36C891}.Debug|Any CPU.Build.0 = Debug|Any CPU
		{0D654FB5-867A-49A2-AEAB-DA3E4A36C891}.ExportDebug|Any CPU.ActiveCfg = ExportDebug|Any CPU
		{0D654FB5-867A-49A2-AEAB-DA3E4A36C891}.ExportDebug|Any CPU.Build.0 = ExportDebug|Any CPU
		{0D654FB5-867A-49A2-AEAB-DA3E4A36C891}.ExportRelease|Any CPU.ActiveCfg = ExportRelease|Any CPU
		{0D654FB5-867A-49A2-AEAB-DA3E4A36C891}.ExportRelease|Any CPU.Build.0 = ExportRelease|Any CPU
	EndGlobalSection
EndGlobal
